// !$*UTF8*$!
{
	archiveVersion = 1;
	classes = {
	};
	objectVersion = 50;
	objects = {

/* Begin PBXBuildFile section */
		8B076F5B228FE85200ACCD47 /* AppDelegate.m in Sources */ = {isa = PBXBuildFile; fileRef = 8B076F5A228FE85200ACCD47 /* AppDelegate.m */; };
		8B076F5E228FE85200ACCD47 /* ViewController.m in Sources */ = {isa = PBXBuildFile; fileRef = 8B076F5D228FE85200ACCD47 /* ViewController.m */; };
		8B076F61228FE85200ACCD47 /* Main.storyboard in Resources */ = {isa = PBXBuildFile; fileRef = 8B076F5F228FE85200ACCD47 /* Main.storyboard */; };
		8B076F63228FE85200ACCD47 /* Assets.xcassets in Resources */ = {isa = PBXBuildFile; fileRef = 8B076F62228FE85200ACCD47 /* Assets.xcassets */; };
		8B076F66228FE85200ACCD47 /* LaunchScreen.storyboard in Resources */ = {isa = PBXBuildFile; fileRef = 8B076F64228FE85200ACCD47 /* LaunchScreen.storyboard */; };
		8B076F69228FE85200ACCD47 /* main.m in Sources */ = {isa = PBXBuildFile; fileRef = 8B076F68228FE85200ACCD47 /* main.m */; };
		8B076F7C228FE9A400ACCD47 /* libiconv.tbd in Frameworks */ = {isa = PBXBuildFile; fileRef = 8B076F70228FE99F00ACCD47 /* libiconv.tbd */; };
		8B076F7D228FE9A400ACCD47 /* lib in Resources */ = {isa = PBXBuildFile; fileRef = 8B076F71228FE9A300ACCD47 /* lib */; };
		8B076F7E228FE9A400ACCD47 /* CoreImage.framework in Frameworks */ = {isa = PBXBuildFile; fileRef = 8B076F72228FE9A300ACCD47 /* CoreImage.framework */; };
		8B076F7F228FE9A400ACCD47 /* include in Resources */ = {isa = PBXBuildFile; fileRef = 8B076F73228FE9A300ACCD47 /* include */; };
		8B076F80228FE9A400ACCD47 /* AVFoundation.framework in Frameworks */ = {isa = PBXBuildFile; fileRef = 8B076F74228FE9A300ACCD47 /* AVFoundation.framework */; };
		8B076F81228FE9A400ACCD47 /* CoreGraphics.framework in Frameworks */ = {isa = PBXBuildFile; fileRef = 8B076F75228FE9A300ACCD47 /* CoreGraphics.framework */; };
		8B076F82228FE9A400ACCD47 /* libbz2.tbd in Frameworks */ = {isa = PBXBuildFile; fileRef = 8B076F76228FE9A300ACCD47 /* libbz2.tbd */; };
		8B076F83228FE9A400ACCD47 /* AudioToolbox.framework in Frameworks */ = {isa = PBXBuildFile; fileRef = 8B076F77228FE9A400ACCD47 /* AudioToolbox.framework */; };
		8B076F84228FE9A400ACCD47 /* CoreMedia.framework in Frameworks */ = {isa = PBXBuildFile; fileRef = 8B076F78228FE9A400ACCD47 /* CoreMedia.framework */; };
		8B076F85228FE9A400ACCD47 /* libz.tbd in Frameworks */ = {isa = PBXBuildFile; fileRef = 8B076F79228FE9A400ACCD47 /* libz.tbd */; };
		8B076F86228FE9A400ACCD47 /* OpenGLES.framework in Frameworks */ = {isa = PBXBuildFile; fileRef = 8B076F7A228FE9A400ACCD47 /* OpenGLES.framework */; };
		8B076F87228FE9A400ACCD47 /* VideoToolbox.framework in Frameworks */ = {isa = PBXBuildFile; fileRef = 8B076F7B228FE9A400ACCD47 /* VideoToolbox.framework */; };
		8B076F91228FECB200ACCD47 /* libavformat.a in Frameworks */ = {isa = PBXBuildFile; fileRef = 8B076F8A228FECB200ACCD47 /* libavformat.a */; };
		8B076F92228FECB200ACCD47 /* libavdevice.a in Frameworks */ = {isa = PBXBuildFile; fileRef = 8B076F8B228FECB200ACCD47 /* libavdevice.a */; };
		8B076F93228FECB200ACCD47 /* libswscale.a in Frameworks */ = {isa = PBXBuildFile; fileRef = 8B076F8C228FECB200ACCD47 /* libswscale.a */; };
		8B076F94228FECB200ACCD47 /* libavutil.a in Frameworks */ = {isa = PBXBuildFile; fileRef = 8B076F8D228FECB200ACCD47 /* libavutil.a */; };
		8B076F95228FECB200ACCD47 /* libswresample.a in Frameworks */ = {isa = PBXBuildFile; fileRef = 8B076F8E228FECB200ACCD47 /* libswresample.a */; };
		8B076F96228FECB200ACCD47 /* libavcodec.a in Frameworks */ = {isa = PBXBuildFile; fileRef = 8B076F8F228FECB200ACCD47 /* libavcodec.a */; };
		8B076F97228FECB200ACCD47 /* libavfilter.a in Frameworks */ = {isa = PBXBuildFile; fileRef = 8B076F90228FECB200ACCD47 /* libavfilter.a */; };
		8B076F9A228FFBC200ACCD47 /* v1.mp4 in Resources */ = {isa = PBXBuildFile; fileRef = 8B076F99228FFBC200ACCD47 /* v1.mp4 */; };
		F6902C8C2B441E7C0079802A /* RenderView.m in Sources */ = {isa = PBXBuildFile; fileRef = F6902C8B2B441E7C0079802A /* RenderView.m */; };
		F69122FA2B47E88800973F18 /* vertex.glsl in Resources */ = {isa = PBXBuildFile; fileRef = F69122F82B47E88800973F18 /* vertex.glsl */; };
		F69122FB2B47E88800973F18 /* yuv_fragment.glsl in Resources */ = {isa = PBXBuildFile; fileRef = F69122F92B47E88800973F18 /* yuv_fragment.glsl */; };
/* End PBXBuildFile section */

/* Begin PBXFileReference section */
		8B076F56228FE85200ACCD47 /* SCFFmpeg.app */ = {isa = PBXFileReference; explicitFileType = wrapper.application; includeInIndex = 0; path = SCFFmpeg.app; sourceTree = BUILT_PRODUCTS_DIR; };
		8B076F59228FE85200ACCD47 /* AppDelegate.h */ = {isa = PBXFileReference; lastKnownFileType = sourcecode.c.h; path = AppDelegate.h; sourceTree = "<group>"; };
		8B076F5A228FE85200ACCD47 /* AppDelegate.m */ = {isa = PBXFileReference; lastKnownFileType = sourcecode.c.objc; path = AppDelegate.m; sourceTree = "<group>"; };
		8B076F5C228FE85200ACCD47 /* ViewController.h */ = {isa = PBXFileReference; lastKnownFileType = sourcecode.c.h; path = ViewController.h; sourceTree = "<group>"; };
		8B076F5D228FE85200ACCD47 /* ViewController.m */ = {isa = PBXFileReference; lastKnownFileType = sourcecode.c.objc; path = ViewController.m; sourceTree = "<group>"; };
		8B076F60228FE85200ACCD47 /* Base */ = {isa = PBXFileReference; lastKnownFileType = file.storyboard; name = Base; path = Base.lproj/Main.storyboard; sourceTree = "<group>"; };
		8B076F62228FE85200ACCD47 /* Assets.xcassets */ = {isa = PBXFileReference; lastKnownFileType = folder.assetcatalog; path = Assets.xcassets; sourceTree = "<group>"; };
		8B076F65228FE85200ACCD47 /* Base */ = {isa = PBXFileReference; lastKnownFileType = file.storyboard; name = Base; path = Base.lproj/LaunchScreen.storyboard; sourceTree = "<group>"; };
		8B076F67228FE85200ACCD47 /* Info.plist */ = {isa = PBXFileReference; lastKnownFileType = text.plist.xml; path = Info.plist; sourceTree = "<group>"; };
		8B076F68228FE85200ACCD47 /* main.m */ = {isa = PBXFileReference; lastKnownFileType = sourcecode.c.objc; path = main.m; sourceTree = "<group>"; };
		8B076F70228FE99F00ACCD47 /* libiconv.tbd */ = {isa = PBXFileReference; fileEncoding = 4; lastKnownFileType = "sourcecode.text-based-dylib-definition"; name = libiconv.tbd; path = usr/lib/libiconv.tbd; sourceTree = SDKROOT; };
		8B076F71228FE9A300ACCD47 /* lib */ = {isa = PBXFileReference; lastKnownFileType = folder; path = lib; sourceTree = "<group>"; };
		8B076F72228FE9A300ACCD47 /* CoreImage.framework */ = {isa = PBXFileReference; lastKnownFileType = wrapper.framework; name = CoreImage.framework; path = System/Library/Frameworks/CoreImage.framework; sourceTree = SDKROOT; };
		8B076F73228FE9A300ACCD47 /* include */ = {isa = PBXFileReference; lastKnownFileType = folder; path = include; sourceTree = "<group>"; };
		8B076F74228FE9A300ACCD47 /* AVFoundation.framework */ = {isa = PBXFileReference; lastKnownFileType = wrapper.framework; name = AVFoundation.framework; path = System/Library/Frameworks/AVFoundation.framework; sourceTree = SDKROOT; };
		8B076F75228FE9A300ACCD47 /* CoreGraphics.framework */ = {isa = PBXFileReference; lastKnownFileType = wrapper.framework; name = CoreGraphics.framework; path = System/Library/Frameworks/CoreGraphics.framework; sourceTree = SDKROOT; };
		8B076F76228FE9A300ACCD47 /* libbz2.tbd */ = {isa = PBXFileReference; fileEncoding = 4; lastKnownFileType = "sourcecode.text-based-dylib-definition"; name = libbz2.tbd; path = usr/lib/libbz2.tbd; sourceTree = SDKROOT; };
		8B076F77228FE9A400ACCD47 /* AudioToolbox.framework */ = {isa = PBXFileReference; lastKnownFileType = wrapper.framework; name = AudioToolbox.framework; path = System/Library/Frameworks/AudioToolbox.framework; sourceTree = SDKROOT; };
		8B076F78228FE9A400ACCD47 /* CoreMedia.framework */ = {isa = PBXFileReference; lastKnownFileType = wrapper.framework; name = CoreMedia.framework; path = System/Library/Frameworks/CoreMedia.framework; sourceTree = SDKROOT; };
		8B076F79228FE9A400ACCD47 /* libz.tbd */ = {isa = PBXFileReference; fileEncoding = 4; lastKnownFileType = "sourcecode.text-based-dylib-definition"; name = libz.tbd; path = usr/lib/libz.tbd; sourceTree = SDKROOT; };
		8B076F7A228FE9A400ACCD47 /* OpenGLES.framework */ = {isa = PBXFileReference; lastKnownFileType = wrapper.framework; name = OpenGLES.framework; path = System/Library/Frameworks/OpenGLES.framework; sourceTree = SDKROOT; };
		8B076F7B228FE9A400ACCD47 /* VideoToolbox.framework */ = {isa = PBXFileReference; lastKnownFileType = wrapper.framework; name = VideoToolbox.framework; path = System/Library/Frameworks/VideoToolbox.framework; sourceTree = SDKROOT; };
		8B076F8A228FECB200ACCD47 /* libavformat.a */ = {isa = PBXFileReference; lastKnownFileType = archive.ar; name = libavformat.a; path = SCFFmpeg/ffmpeglib/lib/libavformat.a; sourceTree = "<group>"; };
		8B076F8B228FECB200ACCD47 /* libavdevice.a */ = {isa = PBXFileReference; lastKnownFileType = archive.ar; name = libavdevice.a; path = SCFFmpeg/ffmpeglib/lib/libavdevice.a; sourceTree = "<group>"; };
		8B076F8C228FECB200ACCD47 /* libswscale.a */ = {isa = PBXFileReference; lastKnownFileType = archive.ar; name = libswscale.a; path = SCFFmpeg/ffmpeglib/lib/libswscale.a; sourceTree = "<group>"; };
		8B076F8D228FECB200ACCD47 /* libavutil.a */ = {isa = PBXFileReference; lastKnownFileType = archive.ar; name = libavutil.a; path = SCFFmpeg/ffmpeglib/lib/libavutil.a; sourceTree = "<group>"; };
		8B076F8E228FECB200ACCD47 /* libswresample.a */ = {isa = PBXFileReference; lastKnownFileType = archive.ar; name = libswresample.a; path = SCFFmpeg/ffmpeglib/lib/libswresample.a; sourceTree = "<group>"; };
		8B076F8F228FECB200ACCD47 /* libavcodec.a */ = {isa = PBXFileReference; lastKnownFileType = archive.ar; name = libavcodec.a; path = SCFFmpeg/ffmpeglib/lib/libavcodec.a; sourceTree = "<group>"; };
		8B076F90228FECB200ACCD47 /* libavfilter.a */ = {isa = PBXFileReference; lastKnownFileType = archive.ar; name = libavfilter.a; path = SCFFmpeg/ffmpeglib/lib/libavfilter.a; sourceTree = "<group>"; };
		8B076F99228FFBC200ACCD47 /* v1.mp4 */ = {isa = PBXFileReference; lastKnownFileType = file; path = v1.mp4; sourceTree = "<group>"; };
		F6902C8A2B441E7C0079802A /* RenderView.h */ = {isa = PBXFileReference; lastKnownFileType = sourcecode.c.h; path = RenderView.h; sourceTree = "<group>"; };
		F6902C8B2B441E7C0079802A /* RenderView.m */ = {isa = PBXFileReference; lastKnownFileType = sourcecode.c.objc; path = RenderView.m; sourceTree = "<group>"; };
		F69122F82B47E88800973F18 /* vertex.glsl */ = {isa = PBXFileReference; fileEncoding = 4; lastKnownFileType = text; path = vertex.glsl; sourceTree = "<group>"; };
		F69122F92B47E88800973F18 /* yuv_fragment.glsl */ = {isa = PBXFileReference; fileEncoding = 4; lastKnownFileType = text; path = yuv_fragment.glsl; sourceTree = "<group>"; };
/* End PBXFileReference section */

/* Begin PBXFrameworksBuildPhase section */
		8B076F53228FE85200ACCD47 /* Frameworks */ = {
			isa = PBXFrameworksBuildPhase;
			buildActionMask = 2147483647;
			files = (
				8B076F91228FECB200ACCD47 /* libavformat.a in Frameworks */,
				8B076F92228FECB200ACCD47 /* libavdevice.a in Frameworks */,
				8B076F93228FECB200ACCD47 /* libswscale.a in Frameworks */,
				8B076F94228FECB200ACCD47 /* libavutil.a in Frameworks */,
				8B076F95228FECB200ACCD47 /* libswresample.a in Frameworks */,
				8B076F96228FECB200ACCD47 /* libavcodec.a in Frameworks */,
				8B076F97228FECB200ACCD47 /* libavfilter.a in Frameworks */,
				8B076F81228FE9A400ACCD47 /* CoreGraphics.framework in Frameworks */,
				8B076F85228FE9A400ACCD47 /* libz.tbd in Frameworks */,
				8B076F87228FE9A400ACCD47 /* VideoToolbox.framework in Frameworks */,
				8B076F82228FE9A400ACCD47 /* libbz2.tbd in Frameworks */,
				8B076F7C228FE9A400ACCD47 /* libiconv.tbd in Frameworks */,
				8B076F7E228FE9A400ACCD47 /* CoreImage.framework in Frameworks */,
				8B076F80228FE9A400ACCD47 /* AVFoundation.framework in Frameworks */,
				8B076F83228FE9A400ACCD47 /* AudioToolbox.framework in Frameworks */,
				8B076F84228FE9A400ACCD47 /* CoreMedia.framework in Frameworks */,
				8B076F86228FE9A400ACCD47 /* OpenGLES.framework in Frameworks */,
			);
			runOnlyForDeploymentPostprocessing = 0;
		};
/* End PBXFrameworksBuildPhase section */

/* Begin PBXGroup section */
		8B076F4D228FE85200ACCD47 = {
			isa = PBXGroup;
			children = (
				8B076F58228FE85200ACCD47 /* SCFFmpeg */,
				8B076F57228FE85200ACCD47 /* Products */,
				8B076F88228FEA8700ACCD47 /* Frameworks */,
			);
			sourceTree = "<group>";
		};
		8B076F57228FE85200ACCD47 /* Products */ = {
			isa = PBXGroup;
			children = (
				8B076F56228FE85200ACCD47 /* SCFFmpeg.app */,
			);
			name = Products;
			sourceTree = "<group>";
		};
		8B076F58228FE85200ACCD47 /* SCFFmpeg */ = {
			isa = PBXGroup;
			children = (
				F69122F72B47E88800973F18 /* glsl */,
				8B076F99228FFBC200ACCD47 /* v1.mp4 */,
				8B076F6F228FE8D700ACCD47 /* ffmpeglib */,
				8B076F59228FE85200ACCD47 /* AppDelegate.h */,
				8B076F5A228FE85200ACCD47 /* AppDelegate.m */,
				8B076F5C228FE85200ACCD47 /* ViewController.h */,
				8B076F5D228FE85200ACCD47 /* ViewController.m */,
				8B076F5F228FE85200ACCD47 /* Main.storyboard */,
				8B076F62228FE85200ACCD47 /* Assets.xcassets */,
				8B076F64228FE85200ACCD47 /* LaunchScreen.storyboard */,
				8B076F67228FE85200ACCD47 /* Info.plist */,
				8B076F68228FE85200ACCD47 /* main.m */,
				F6902C8A2B441E7C0079802A /* RenderView.h */,
				F6902C8B2B441E7C0079802A /* RenderView.m */,
			);
			path = SCFFmpeg;
			sourceTree = "<group>";
		};
		8B076F6F228FE8D700ACCD47 /* ffmpeglib */ = {
			isa = PBXGroup;
			children = (
				8B076F77228FE9A400ACCD47 /* AudioToolbox.framework */,
				8B076F74228FE9A300ACCD47 /* AVFoundation.framework */,
				8B076F75228FE9A300ACCD47 /* CoreGraphics.framework */,
				8B076F72228FE9A300ACCD47 /* CoreImage.framework */,
				8B076F78228FE9A400ACCD47 /* CoreMedia.framework */,
				8B076F73228FE9A300ACCD47 /* include */,
				8B076F71228FE9A300ACCD47 /* lib */,
				8B076F76228FE9A300ACCD47 /* libbz2.tbd */,
				8B076F70228FE99F00ACCD47 /* libiconv.tbd */,
				8B076F79228FE9A400ACCD47 /* libz.tbd */,
				8B076F7A228FE9A400ACCD47 /* OpenGLES.framework */,
				8B076F7B228FE9A400ACCD47 /* VideoToolbox.framework */,
			);
			path = ffmpeglib;
			sourceTree = "<group>";
		};
		8B076F88228FEA8700ACCD47 /* Frameworks */ = {
			isa = PBXGroup;
			children = (
				8B076F8F228FECB200ACCD47 /* libavcodec.a */,
				8B076F8B228FECB200ACCD47 /* libavdevice.a */,
				8B076F90228FECB200ACCD47 /* libavfilter.a */,
				8B076F8A228FECB200ACCD47 /* libavformat.a */,
				8B076F8D228FECB200ACCD47 /* libavutil.a */,
				8B076F8E228FECB200ACCD47 /* libswresample.a */,
				8B076F8C228FECB200ACCD47 /* libswscale.a */,
			);
			name = Frameworks;
			sourceTree = "<group>";
		};
		F69122F72B47E88800973F18 /* glsl */ = {
			isa = PBXGroup;
			children = (
				F69122F82B47E88800973F18 /* vertex.glsl */,
				F69122F92B47E88800973F18 /* yuv_fragment.glsl */,
			);
			path = glsl;
			sourceTree = "<group>";
		};
/* End PBXGroup section */

/* Begin PBXNativeTarget section */
		8B076F55228FE85200ACCD47 /* SCFFmpeg */ = {
			isa = PBXNativeTarget;
			buildConfigurationList = 8B076F6C228FE85200ACCD47 /* Build configuration list for PBXNativeTarget "SCFFmpeg" */;
			buildPhases = (
				8B076F52228FE85200ACCD47 /* Sources */,
				8B076F53228FE85200ACCD47 /* Frameworks */,
				8B076F54228FE85200ACCD47 /* Resources */,
			);
			buildRules = (
			);
			dependencies = (
			);
			name = SCFFmpeg;
			productName = SCFFmpeg;
			productReference = 8B076F56228FE85200ACCD47 /* SCFFmpeg.app */;
			productType = "com.apple.product-type.application";
		};
/* End PBXNativeTarget section */

/* Begin PBXProject section */
		8B076F4E228FE85200ACCD47 /* Project object */ = {
			isa = PBXProject;
			attributes = {
				LastUpgradeCheck = 1020;
				ORGANIZATIONNAME = "石川";
				TargetAttributes = {
					8B076F55228FE85200ACCD47 = {
						CreatedOnToolsVersion = 10.2.1;
					};
				};
			};
			buildConfigurationList = 8B076F51228FE85200ACCD47 /* Build configuration list for PBXProject "SCFFmpeg" */;
			compatibilityVersion = "Xcode 9.3";
			developmentRegion = en;
			hasScannedForEncodings = 0;
			knownRegions = (
				en,
				Base,
			);
			mainGroup = 8B076F4D228FE85200ACCD47;
			productRefGroup = 8B076F57228FE85200ACCD47 /* Products */;
			projectDirPath = "";
			projectRoot = "";
			targets = (
				8B076F55228FE85200ACCD47 /* SCFFmpeg */,
			);
		};
/* End PBXProject section */

/* Begin PBXResourcesBuildPhase section */
		8B076F54228FE85200ACCD47 /* Resources */ = {
			isa = PBXResourcesBuildPhase;
			buildActionMask = 2147483647;
			files = (
				F69122FB2B47E88800973F18 /* yuv_fragment.glsl in Resources */,
				8B076F9A228FFBC200ACCD47 /* v1.mp4 in Resources */,
				8B076F66228FE85200ACCD47 /* LaunchScreen.storyboard in Resources */,
				8B076F63228FE85200ACCD47 /* Assets.xcassets in Resources */,
				8B076F7D228FE9A400ACCD47 /* lib in Resources */,
				F69122FA2B47E88800973F18 /* vertex.glsl in Resources */,
				8B076F7F228FE9A400ACCD47 /* include in Resources */,
				8B076F61228FE85200ACCD47 /* Main.storyboard in Resources */,
			);
			runOnlyForDeploymentPostprocessing = 0;
		};
/* End PBXResourcesBuildPhase section */

/* Begin PBXSourcesBuildPhase section */
		8B076F52228FE85200ACCD47 /* Sources */ = {
			isa = PBXSourcesBuildPhase;
			buildActionMask = 2147483647;
			files = (
				8B076F5E228FE85200ACCD47 /* ViewController.m in Sources */,
				8B076F69228FE85200ACCD47 /* main.m in Sources */,
				F6902C8C2B441E7C0079802A /* RenderView.m in Sources */,
				8B076F5B228FE85200ACCD47 /* AppDelegate.m in Sources */,
			);
			runOnlyForDeploymentPostprocessing = 0;
		};
/* End PBXSourcesBuildPhase section */

/* Begin PBXVariantGroup section */
		8B076F5F228FE85200ACCD47 /* Main.storyboard */ = {
			isa = PBXVariantGroup;
			children = (
				8B076F60228FE85200ACCD47 /* Base */,
			);
			name = Main.storyboard;
			sourceTree = "<group>";
		};
		8B076F64228FE85200ACCD47 /* LaunchScreen.storyboard */ = {
			isa = PBXVariantGroup;
			children = (
				8B076F65228FE85200ACCD47 /* Base */,
			);
			name = LaunchScreen.storyboard;
			sourceTree = "<group>";
		};
/* End PBXVariantGroup section */

/* Begin XCBuildConfiguration section */
		8B076F6A228FE85200ACCD47 /* Debug */ = {
			isa = XCBuildConfiguration;
			buildSettings = {
				ALWAYS_SEARCH_USER_PATHS = NO;
				CLANG_ANALYZER_NONNULL = YES;
				CLANG_ANALYZER_NUMBER_OBJECT_CONVERSION = YES_AGGRESSIVE;
				CLANG_CXX_LANGUAGE_STANDARD = "gnu++14";
				CLANG_CXX_LIBRARY = "libc++";
				CLANG_ENABLE_MODULES = YES;
				CLANG_ENABLE_OBJC_ARC = YES;
				CLANG_ENABLE_OBJC_WEAK = YES;
				CLANG_WARN_BLOCK_CAPTURE_AUTORELEASING = YES;
				CLANG_WARN_BOOL_CONVERSION = YES;
				CLANG_WARN_COMMA = YES;
				CLANG_WARN_CONSTANT_CONVERSION = YES;
				CLANG_WARN_DEPRECATED_OBJC_IMPLEMENTATIONS = YES;
				CLANG_WARN_DIRECT_OBJC_ISA_USAGE = YES_ERROR;
				CLANG_WARN_DOCUMENTATION_COMMENTS = YES;
				CLANG_WARN_EMPTY_BODY = YES;
				CLANG_WARN_ENUM_CONVERSION = YES;
				CLANG_WARN_INFINITE_RECURSION = YES;
				CLANG_WARN_INT_CONVERSION = YES;
				CLANG_WARN_NON_LITERAL_NULL_CONVERSION = YES;
				CLANG_WARN_OBJC_IMPLICIT_RETAIN_SELF = YES;
				CLANG_WARN_OBJC_LITERAL_CONVERSION = YES;
				CLANG_WARN_OBJC_ROOT_CLASS = YES_ERROR;
				CLANG_WARN_RANGE_LOOP_ANALYSIS = YES;
				CLANG_WARN_STRICT_PROTOTYPES = YES;
				CLANG_WARN_SUSPICIOUS_MOVE = YES;
				CLANG_WARN_UNGUARDED_AVAILABILITY = YES_AGGRESSIVE;
				CLANG_WARN_UNREACHABLE_CODE = YES;
				CLANG_WARN__DUPLICATE_METHOD_MATCH = YES;
				CODE_SIGN_IDENTITY = "iPhone Developer";
				COPY_PHASE_STRIP = NO;
				DEBUG_INFORMATION_FORMAT = dwarf;
				ENABLE_STRICT_OBJC_MSGSEND = YES;
				ENABLE_TESTABILITY = YES;
				GCC_C_LANGUAGE_STANDARD = gnu11;
				GCC_DYNAMIC_NO_PIC = NO;
				GCC_NO_COMMON_BLOCKS = YES;
				GCC_OPTIMIZATION_LEVEL = 0;
				GCC_PREPROCESSOR_DEFINITIONS = (
					"DEBUG=1",
					"$(inherited)",
				);
				GCC_WARN_64_TO_32_BIT_CONVERSION = YES;
				GCC_WARN_ABOUT_RETURN_TYPE = YES_ERROR;
				GCC_WARN_UNDECLARED_SELECTOR = YES;
				GCC_WARN_UNINITIALIZED_AUTOS = YES_AGGRESSIVE;
				GCC_WARN_UNUSED_FUNCTION = YES;
				GCC_WARN_UNUSED_VARIABLE = YES;
				IPHONEOS_DEPLOYMENT_TARGET = 12.2;
				MTL_ENABLE_DEBUG_INFO = INCLUDE_SOURCE;
				MTL_FAST_MATH = YES;
				ONLY_ACTIVE_ARCH = YES;
				SDKROOT = iphoneos;
			};
			name = Debug;
		};
		8B076F6B228FE85200ACCD47 /* Release */ = {
			isa = XCBuildConfiguration;
			buildSettings = {
				ALWAYS_SEARCH_USER_PATHS = NO;
				CLANG_ANALYZER_NONNULL = YES;
				CLANG_ANALYZER_NUMBER_OBJECT_CONVERSION = YES_AGGRESSIVE;
				CLANG_CXX_LANGUAGE_STANDARD = "gnu++14";
				CLANG_CXX_LIBRARY = "libc++";
				CLANG_ENABLE_MODULES = YES;
				CLANG_ENABLE_OBJC_ARC = YES;
				CLANG_ENABLE_OBJC_WEAK = YES;
				CLANG_WARN_BLOCK_CAPTURE_AUTORELEASING = YES;
				CLANG_WARN_BOOL_CONVERSION = YES;
				CLANG_WARN_COMMA = YES;
				CLANG_WARN_CONSTANT_CONVERSION = YES;
				CLANG_WARN_DEPRECATED_OBJC_IMPLEMENTATIONS = YES;
				CLANG_WARN_DIRECT_OBJC_ISA_USAGE = YES_ERROR;
				CLANG_WARN_DOCUMENTATION_COMMENTS = YES;
				CLANG_WARN_EMPTY_BODY = YES;
				CLANG_WARN_ENUM_CONVERSION = YES;
				CLANG_WARN_INFINITE_RECURSION = YES;
				CLANG_WARN_INT_CONVERSION = YES;
				CLANG_WARN_NON_LITERAL_NULL_CONVERSION = YES;
				CLANG_WARN_OBJC_IMPLICIT_RETAIN_SELF = YES;
				CLANG_WARN_OBJC_LITERAL_CONVERSION = YES;
				CLANG_WARN_OBJC_ROOT_CLASS = YES_ERROR;
				CLANG_WARN_RANGE_LOOP_ANALYSIS = YES;
				CLANG_WARN_STRICT_PROTOTYPES = YES;
				CLANG_WARN_SUSPICIOUS_MOVE = YES;
				CLANG_WARN_UNGUARDED_AVAILABILITY = YES_AGGRESSIVE;
				CLANG_WARN_UNREACHABLE_CODE = YES;
				CLANG_WARN__DUPLICATE_METHOD_MATCH = YES;
				CODE_SIGN_IDENTITY = "iPhone Developer";
				COPY_PHASE_STRIP = NO;
				DEBUG_INFORMATION_FORMAT = "dwarf-with-dsym";
				ENABLE_NS_ASSERTIONS = NO;
				ENABLE_STRICT_OBJC_MSGSEND = YES;
				GCC_C_LANGUAGE_STANDARD = gnu11;
				GCC_NO_COMMON_BLOCKS = YES;
				GCC_WARN_64_TO_32_BIT_CONVERSION = YES;
				GCC_WARN_ABOUT_RETURN_TYPE = YES_ERROR;
				GCC_WARN_UNDECLARED_SELECTOR = YES;
				GCC_WARN_UNINITIALIZED_AUTOS = YES_AGGRESSIVE;
				GCC_WARN_UNUSED_FUNCTION = YES;
				GCC_WARN_UNUSED_VARIABLE = YES;
				IPHONEOS_DEPLOYMENT_TARGET = 12.2;
				MTL_ENABLE_DEBUG_INFO = NO;
				MTL_FAST_MATH = YES;
				SDKROOT = iphoneos;
				VALIDATE_PRODUCT = YES;
			};
			name = Release;
		};
		8B076F6D228FE85200ACCD47 /* Debug */ = {
			isa = XCBuildConfiguration;
			buildSettings = {
				ASSETCATALOG_COMPILER_APPICON_NAME = AppIcon;
				CODE_SIGN_STYLE = Automatic;
				DEVELOPMENT_TEAM = C4HH236MR9;
				INFOPLIST_FILE = SCFFmpeg/Info.plist;
				IPHONEOS_DEPLOYMENT_TARGET = 9.0;
				LD_RUNPATH_SEARCH_PATHS = (
					"$(inherited)",
					"@executable_path/Frameworks",
				);
				LIBRARY_SEARCH_PATHS = (
					"$(inherited)",
					"$(PROJECT_DIR)/SCFFmpeg/ffmpeglib/lib",
				);
				PRODUCT_BUNDLE_IDENTIFIER = com.getstrem.com;
				PRODUCT_NAME = "$(TARGET_NAME)";
				TARGETED_DEVICE_FAMILY = 1;
				USER_HEADER_SEARCH_PATHS = SCFFmpeg/ffmpeglib/include;
			};
			name = Debug;
		};
		8B076F6E228FE85200ACCD47 /* Release */ = {
			isa = XCBuildConfiguration;
			buildSettings = {
				ASSETCATALOG_COMPILER_APPICON_NAME = AppIcon;
				CODE_SIGN_STYLE = Automatic;
				DEVELOPMENT_TEAM = C4HH236MR9;
				INFOPLIST_FILE = SCFFmpeg/Info.plist;
				IPHONEOS_DEPLOYMENT_TARGET = 9.0;
				LD_RUNPATH_SEARCH_PATHS = (
					"$(inherited)",
					"@executable_path/Frameworks",
				);
				LIBRARY_SEARCH_PATHS = (
					"$(inherited)",
					"$(PROJECT_DIR)/SCFFmpeg/ffmpeglib/lib",
				);
				PRODUCT_BUNDLE_IDENTIFIER = com.getstrem.com;
				PRODUCT_NAME = "$(TARGET_NAME)";
				TARGETED_DEVICE_FAMILY = 1;
				USER_HEADER_SEARCH_PATHS = SCFFmpeg/ffmpeglib/include;
			};
			name = Release;
		};
/* End XCBuildConfiguration section */

/* Begin XCConfigurationList section */
		8B076F51228FE85200ACCD47 /* Build configuration list for PBXProject "SCFFmpeg" */ = {
			isa = XCConfigurationList;
			buildConfigurations = (
				8B076F6A228FE85200ACCD47 /* Debug */,
				8B076F6B228FE85200ACCD47 /* Release */,
			);
			defaultConfigurationIsVisible = 0;
			defaultConfigurationName = Release;
		};
		8B076F6C228FE85200ACCD47 /* Build configuration list for PBXNativeTarget "SCFFmpeg" */ = {
			isa = XCConfigurationList;
			buildConfigurations = (
				8B076F6D228FE85200ACCD47 /* Debug */,
				8B076F6E228FE85200ACCD47 /* Release */,
			);
			defaultConfigurationIsVisible = 0;
			defaultConfigurationName = Release;
		};
/* End XCConfigurationList section */
	};
	rootObject = 8B076F4E228FE85200ACCD47 /* Project object */;
}
